
Microsoft Visual Studio Solution File, Format Version 12.00
# Visual Studio Version 17
VisualStudioVersion = 17.5.33516.290
MinimumVisualStudioVersion = 10.0.40219.1
Project("{9A19103F-16F7-4668-BE54-9A1E7A4F7556}") = "WebAPICore", "WebAPICore\WebAPICore.csproj", "{59FE70B6-FC4B-4275-BF3A-E54562219B66}"
	ProjectSection(ProjectDependencies) = postProject
		{AE066268-D47E-4757-BB53-8737018111E7} = {AE066268-D47E-4757-BB53-8737018111E7}
	EndProjectSection
EndProject
Project("{9A19103F-16F7-4668-BE54-9A1E7A4F7556}") = "Dal", "Dal\Dal.csproj", "{AE066268-D47E-4757-BB53-8737018111E7}"
EndProject
Global
	GlobalSection(SolutionConfigurationPlatforms) = preSolution
		Debug|Any CPU = Debug|Any CPU
		Release|Any CPU = Release|Any CPU
	EndGlobalSection
	GlobalSection(ProjectConfigurationPlatforms) = postSolution
		{59FE70B6-FC4B-4275-BF3A-E54562219B66}.Debug|Any CPU.ActiveCfg = Debug|Any CPU
		{59FE70B6-FC4B-4275-BF3A-E54562219B66}.Debug|Any CPU.Build.0 = Debug|Any CPU
		{59FE70B6-FC4B-4275-BF3A-E54562219B66}.Release|Any CPU.ActiveCfg = Release|Any CPU
		{59FE70B6-FC4B-4275-BF3A-E54562219B66}.Release|Any CPU.Build.0 = Release|Any CPU
		{AE066268-D47E-4757-BB53-8737018111E7}.Debug|Any CPU.ActiveCfg = Debug|Any CPU
		{AE066268-D47E-4757-BB53-8737018111E7}.Debug|Any CPU.Build.0 = Debug|Any CPU
		{AE066268-D47E-4757-BB53-8737018111E7}.Release|Any CPU.ActiveCfg = Release|Any CPU
		{AE066268-D47E-4757-BB53-8737018111E7}.Release|Any CPU.Build.0 = Release|Any CPU
	EndGlobalSection
	GlobalSection(SolutionProperties) = preSolution
		HideSolutionNode = FALSE
	EndGlobalSection
	GlobalSection(ExtensibilityGlobals) = postSolution
		SolutionGuid = {1D327E51-CE12-4680-AD20-0BFF107A8E83}
	EndGlobalSection
EndGlobal
